
Microsoft Visual Studio Solution File, Format Version 12.00
# Visual Studio Version 16
VisualStudioVersion = 16.0.30204.135
MinimumVisualStudioVersion = 10.0.40219.1
Project("{FAE04EC0-301F-11D3-BF4B-00C04F79EFBC}") = "PictureWork", "PictureWork\PictureWork.csproj", "{792047F1-AC7C-42DD-8282-5F0C8FC417F7}"
EndProject
Global
	GlobalSection(SolutionConfigurationPlatforms) = preSolution
		Debug|Any CPU = Debug|Any CPU
		Release|Any CPU = Release|Any CPU
	EndGlobalSection
	GlobalSection(ProjectConfigurationPlatforms) = postSolution
		{792047F1-AC7C-42DD-8282-5F0C8FC417F7}.Debug|Any CPU.ActiveCfg = Debug|Any CPU
		{792047F1-AC7C-42DD-8282-5F0C8FC417F7}.Debug|Any CPU.Build.0 = Debug|Any CPU
		{792047F1-AC7C-42DD-8282-5F0C8FC417F7}.Release|Any CPU.ActiveCfg = Release|Any CPU
		{792047F1-AC7C-42DD-8282-5F0C8FC417F7}.Release|Any CPU.Build.0 = Release|Any CPU
	EndGlobalSection
	GlobalSection(SolutionProperties) = preSolution
		HideSolutionNode = FALSE
	EndGlobalSection
	GlobalSection(ExtensibilityGlobals) = postSolution
		SolutionGuid = {3FE14951-4EC8-466F-B75E-5CB78A27E57F}
	EndGlobalSection
EndGlobal
